{
  "lockfile_version": "1",
  "packages": {
    "github:NixOS/nixpkgs/nixpkgs-unstable": {
      "last_modified": "2026-08-14T15:04:01Z",
      "resolved": "github:NixOS/nixpkgs/8be7bd0c83f12e2e3bbba07c9044d6fed9e66f7f?lastModified=1786719841"
    },
    "go@1.24.3": {
      "last_modified": "2025-05-16T20:19:48Z",
      "resolved": "github:NixOS/nixpkgs/12a55407652e04dcf2309436eb06fef0d3713ef3#go",
      "source": "devbox-search",
      "version": "1.24.3",
      "systems": {
        "aarch64-darwin": {
          "outputs": [
            {
              "name": "out",
              "path": "/nix/store/ps3admpzmc1ryvn9q7sw5xfd94dkrb3f-go-1.24.3",
              "default": true
            }
          ],
          "store_path": "/nix/store/ps3admpzmc1ryvn9q7sw5xfd94dkrb3f-go-1.24.3"
        },
        "aarch64-linux": {
          "outputs": [
            {
              "name": "out",
              "path": "/nix/store/45bnqhyyq40p91k3cjw0farx3hn1swx6-go-1.24.3",
              "default": true
            }
          ],
          "store_path": "/nix/store/45bnqhyyq40p91k3cjw0farx3hn1swx6-go-1.24.3"
        },
        "x86_64-darwin": {
          "outputs": [
            {
              "name": "out",
              "path": "/nix/store/9z2kb6hxij7pqi0fgcn9ijhpb7ajpazs-go-1.24.3",
              "default": true
            }
          ],
          "store_path": "/nix/store/9z2kb6hxij7pqi0fgcn9ijhpb7ajpazs-go-1.24.3"
        },
        "x86_64-linux": {
          "outputs": [
            {
              "name": "out",
              "path": "/nix/store/5xvi25nqmbrg58aixp4zgczilfnp7pwg-go-1.24.3",
              "default": true
            }
          ],
          "store_path": "/nix/store/5xvi25nqmbrg58aixp4zgczilfnp7pwg-go-1.24.3"
        }
      }
    },
    "hugo@0.164.0": {
      "last_modified": "2026-08-01T16:34:20Z",
      "resolved": "github:NixOS/nixpkgs/a5cbcfe954791221bfffe2307f7d1a1bf61a871e#hugo",
      "source": "devbox-search",
      "version": "0.164.0",
      "systems": {
        "aarch64-darwin": {
          "outputs": [
            {
              "name": "out",
              "path": "/nix/store/33l83zfr07b17nb6srriqyb06ipi31xl-hugo-0.164.0",
              "default": true
            }
          ],
          "store_path": "/nix/store/33l83zfr07b17nb6srriqyb06ipi31xl-hugo-0.164.0"
        },
        "aarch64-linux": {
          "outputs": [
            {
              "name": "out",
              "path": "/nix/store/77km25p964ky6ffbwlh6dnmnwwypfprl-hugo-0.164.0",
              "default": true
            }
          ],
          "store_path": "/nix/store/77km25p964ky6ffbwlh6dnmnwwypfprl-hugo-0.164.0"
        },
        "x86_64-linux": {
          "outputs": [
            {
              "name": "out",
              "path": "/nix/store/ph9s5glvc25876f4zl6c92dplwzacs72-hugo-0.164.0",
              "default": true
            }
          ],
          "store_path": "/nix/store/ph9s5glvc25876f4zl6c92dplwzacs72-hugo-0.164.0"
        }
      }
    },
    "just": {
      "resolved": "github:NixOS/nixpkgs/91c9a64ce2a84e648d0cf9671274bb9c2fb9ba60#just",
      "source": "nixpkg",
      "systems": {
        "aarch64-darwin": {
          "outputs": [
            {
              "path": "/nix/store/7bs66yy7i31k1q2sbi61mm1jpbnvk9da-just-1.43.0",
              "default": true
            },
            {
              "name": "man",
              "path": "/nix/store/68wlq1vznxmb6v3frwy1skwc44h24hj1-just-1.43.0-man",
              "default": true
            }
          ]
        }
      }
    },
    "just-lsp@latest": {
      "last_modified": "2026-08-05T07:53:23Z",
      "resolved": "github:NixOS/nixpkgs/3a971fa2e67dcb0f2f2cfed2d37e7956567d73d1#just-lsp",
      "source": "devbox-search",
      "version": "0.6.1",
      "systems": {
        "aarch64-darwin": {
          "outputs": [
            {
              "name": "out",
              "path": "/nix/store/ykgczmcs2zj3k702idd050wxgabvk9nh-just-lsp-0.6.1",
              "default": true
            }
          ],
          "store_path": "/nix/store/ykgczmcs2zj3k702idd050wxgabvk9nh-just-lsp-0.6.1"
        },
        "aarch64-linux": {
          "outputs": [
            {
              "name": "out",
              "path": "/nix/store/29yycdyyvckgbyh4rvvmb7f58aq5zz12-just-lsp-0.6.1",
              "default": true
            }
          ],
          "store_path": "/nix/store/29yycdyyvckgbyh4rvvmb7f58aq5zz12-just-lsp-0.6.1"
        },
        "x86_64-linux": {
          "outputs": [
            {
              "name": "out",
              "path": "/nix/store/19zknr5zqcmaphi0pgf5f978amhkn3an-just-lsp-0.6.1",
              "default": true
            }
          ],
          "store_path": "/nix/store/19zknr5zqcmaphi0pgf5f978amhkn3an-just-lsp-0.6.1"
        }
      }
    }
  }
}
